
Microsoft Visual Studio Solution File, Format Version 12.00
# Visual Studio Version 17
Project("{2150E333-8FDC-42A3-9474-1A3956D46DE8}") = "CMakePredefinedTargets", "CMakePredefinedTargets", "{92A87DB8-2516-3116-9970-A58F5A2A43E4}"
EndProject
Project("{8BC9CEB8-8B4A-11D0-8D11-00A0C91BC942}") = "ALL_BUILD", "ALL_BUILD.vcxproj", "{4B0BFCD2-670E-3383-8910-43F3E3985A3F}"
	ProjectSection(ProjectDependencies) = postProject
		{967AE8E0-0E3E-35FA-BA98-26BCCACC264D} = {967AE8E0-0E3E-35FA-BA98-26BCCACC264D}
		{8919B5EF-F06E-3170-88D8-014F8244F981} = {8919B5EF-F06E-3170-88D8-014F8244F981}
		{47D17090-F6C1-36BA-8F7B-EBC214DEEEEC} = {47D17090-F6C1-36BA-8F7B-EBC214DEEEEC}
		{3308E1AF-655E-37B6-8882-1902A08817F7} = {3308E1AF-655E-37B6-8882-1902A08817F7}
		{9A479A1D-A1C8-3AC5-BCD8-481640D30EF0} = {9A479A1D-A1C8-3AC5-BCD8-481640D30EF0}
		{DDBC14E3-E63B-39BF-B754-5A432391A0B6} = {DDBC14E3-E63B-39BF-B754-5A432391A0B6}
	EndProjectSection
EndProject
Project("{8BC9CEB8-8B4A-11D0-8D11-00A0C91BC942}") = "INSTALL", "INSTALL.vcxproj", "{A0382D05-B94C-36BB-8D5A-16BEB4821716}"
	ProjectSection(ProjectDependencies) = postProject
		{4B0BFCD2-670E-3383-8910-43F3E3985A3F} = {4B0BFCD2-670E-3383-8910-43F3E3985A3F}
		{967AE8E0-0E3E-35FA-BA98-26BCCACC264D} = {967AE8E0-0E3E-35FA-BA98-26BCCACC264D}
	EndProjectSection
EndProject
Project("{8BC9CEB8-8B4A-11D0-8D11-00A0C91BC942}") = "SDL3-shared", "..\dependencies\SDL\SDL3-shared.vcxproj", "{0E3C4AD9-A8E7-3517-A42A-835F4112ED5B}"
	ProjectSection(ProjectDependencies) = postProject
		{80931BB5-1738-3277-8C12-822A631A22B3} = {80931BB5-1738-3277-8C12-822A631A22B3}
		{967AE8E0-0E3E-35FA-BA98-26BCCACC264D} = {967AE8E0-0E3E-35FA-BA98-26BCCACC264D}
	EndProjectSection
EndProject
Project("{8BC9CEB8-8B4A-11D0-8D11-00A0C91BC942}") = "SDL_uclibc", "..\dependencies\SDL\SDL_uclibc.vcxproj", "{80931BB5-1738-3277-8C12-822A631A22B3}"
	ProjectSection(ProjectDependencies) = postProject
		{967AE8E0-0E3E-35FA-BA98-26BCCACC264D} = {967AE8E0-0E3E-35FA-BA98-26BCCACC264D}
	EndProjectSection
EndProject
Project("{8BC9CEB8-8B4A-11D0-8D11-00A0C91BC942}") = "ZERO_CHECK", "..\ZERO_CHECK.vcxproj", "{967AE8E0-0E3E-35FA-BA98-26BCCACC264D}"
	ProjectSection(ProjectDependencies) = postProject
	EndProjectSection
EndProject
Project("{8BC9CEB8-8B4A-11D0-8D11-00A0C91BC942}") = "physfs", "..\dependencies\physfs\physfs.vcxproj", "{A3C7AB3B-EF13-3DE3-96F3-4CA30F76751A}"
	ProjectSection(ProjectDependencies) = postProject
		{967AE8E0-0E3E-35FA-BA98-26BCCACC264D} = {967AE8E0-0E3E-35FA-BA98-26BCCACC264D}
	EndProjectSection
EndProject
Project("{8BC9CEB8-8B4A-11D0-8D11-00A0C91BC942}") = "task02", "task02\task02.vcxproj", "{8919B5EF-F06E-3170-88D8-014F8244F981}"
	ProjectSection(ProjectDependencies) = postProject
		{0E3C4AD9-A8E7-3517-A42A-835F4112ED5B} = {0E3C4AD9-A8E7-3517-A42A-835F4112ED5B}
		{967AE8E0-0E3E-35FA-BA98-26BCCACC264D} = {967AE8E0-0E3E-35FA-BA98-26BCCACC264D}
		{A3C7AB3B-EF13-3DE3-96F3-4CA30F76751A} = {A3C7AB3B-EF13-3DE3-96F3-4CA30F76751A}
		{6288E38C-3935-3C97-B245-B9830741AE66} = {6288E38C-3935-3C97-B245-B9830741AE66}
	EndProjectSection
EndProject
Project("{8BC9CEB8-8B4A-11D0-8D11-00A0C91BC942}") = "task03", "task03\task03.vcxproj", "{47D17090-F6C1-36BA-8F7B-EBC214DEEEEC}"
	ProjectSection(ProjectDependencies) = postProject
		{0E3C4AD9-A8E7-3517-A42A-835F4112ED5B} = {0E3C4AD9-A8E7-3517-A42A-835F4112ED5B}
		{967AE8E0-0E3E-35FA-BA98-26BCCACC264D} = {967AE8E0-0E3E-35FA-BA98-26BCCACC264D}
		{A3C7AB3B-EF13-3DE3-96F3-4CA30F76751A} = {A3C7AB3B-EF13-3DE3-96F3-4CA30F76751A}
	EndProjectSection
EndProject
Project("{8BC9CEB8-8B4A-11D0-8D11-00A0C91BC942}") = "task04", "task04\task04.vcxproj", "{3308E1AF-655E-37B6-8882-1902A08817F7}"
	ProjectSection(ProjectDependencies) = postProject
		{0E3C4AD9-A8E7-3517-A42A-835F4112ED5B} = {0E3C4AD9-A8E7-3517-A42A-835F4112ED5B}
		{967AE8E0-0E3E-35FA-BA98-26BCCACC264D} = {967AE8E0-0E3E-35FA-BA98-26BCCACC264D}
		{A3C7AB3B-EF13-3DE3-96F3-4CA30F76751A} = {A3C7AB3B-EF13-3DE3-96F3-4CA30F76751A}
	EndProjectSection
EndProject
Project("{8BC9CEB8-8B4A-11D0-8D11-00A0C91BC942}") = "task05", "task05\task05.vcxproj", "{9A479A1D-A1C8-3AC5-BCD8-481640D30EF0}"
	ProjectSection(ProjectDependencies) = postProject
		{0E3C4AD9-A8E7-3517-A42A-835F4112ED5B} = {0E3C4AD9-A8E7-3517-A42A-835F4112ED5B}
		{967AE8E0-0E3E-35FA-BA98-26BCCACC264D} = {967AE8E0-0E3E-35FA-BA98-26BCCACC264D}
		{A3C7AB3B-EF13-3DE3-96F3-4CA30F76751A} = {A3C7AB3B-EF13-3DE3-96F3-4CA30F76751A}
		{6288E38C-3935-3C97-B245-B9830741AE66} = {6288E38C-3935-3C97-B245-B9830741AE66}
	EndProjectSection
EndProject
Project("{8BC9CEB8-8B4A-11D0-8D11-00A0C91BC942}") = "task06", "task06\task06.vcxproj", "{DDBC14E3-E63B-39BF-B754-5A432391A0B6}"
	ProjectSection(ProjectDependencies) = postProject
		{0E3C4AD9-A8E7-3517-A42A-835F4112ED5B} = {0E3C4AD9-A8E7-3517-A42A-835F4112ED5B}
		{967AE8E0-0E3E-35FA-BA98-26BCCACC264D} = {967AE8E0-0E3E-35FA-BA98-26BCCACC264D}
		{A3C7AB3B-EF13-3DE3-96F3-4CA30F76751A} = {A3C7AB3B-EF13-3DE3-96F3-4CA30F76751A}
		{6288E38C-3935-3C97-B245-B9830741AE66} = {6288E38C-3935-3C97-B245-B9830741AE66}
	EndProjectSection
EndProject
Project("{8BC9CEB8-8B4A-11D0-8D11-00A0C91BC942}") = "tinyobjloader", "..\dependencies\tinyobjloader\tinyobjloader.vcxproj", "{6288E38C-3935-3C97-B245-B9830741AE66}"
	ProjectSection(ProjectDependencies) = postProject
		{967AE8E0-0E3E-35FA-BA98-26BCCACC264D} = {967AE8E0-0E3E-35FA-BA98-26BCCACC264D}
	EndProjectSection
EndProject
Global
	GlobalSection(SolutionConfigurationPlatforms) = preSolution
		Debug|x64 = Debug|x64
		Release|x64 = Release|x64
		MinSizeRel|x64 = MinSizeRel|x64
		RelWithDebInfo|x64 = RelWithDebInfo|x64
	EndGlobalSection
	GlobalSection(ProjectConfigurationPlatforms) = postSolution
		{4B0BFCD2-670E-3383-8910-43F3E3985A3F}.Debug|x64.ActiveCfg = Debug|x64
		{4B0BFCD2-670E-3383-8910-43F3E3985A3F}.Debug|x64.Build.0 = Debug|x64
		{4B0BFCD2-670E-3383-8910-43F3E3985A3F}.Release|x64.ActiveCfg = Release|x64
		{4B0BFCD2-670E-3383-8910-43F3E3985A3F}.Release|x64.Build.0 = Release|x64
		{4B0BFCD2-670E-3383-8910-43F3E3985A3F}.MinSizeRel|x64.ActiveCfg = MinSizeRel|x64
		{4B0BFCD2-670E-3383-8910-43F3E3985A3F}.MinSizeRel|x64.Build.0 = MinSizeRel|x64
		{4B0BFCD2-670E-3383-8910-43F3E3985A3F}.RelWithDebInfo|x64.ActiveCfg = RelWithDebInfo|x64
		{4B0BFCD2-670E-3383-8910-43F3E3985A3F}.RelWithDebInfo|x64.Build.0 = RelWithDebInfo|x64
		{A0382D05-B94C-36BB-8D5A-16BEB4821716}.Debug|x64.ActiveCfg = Debug|x64
		{A0382D05-B94C-36BB-8D5A-16BEB4821716}.Release|x64.ActiveCfg = Release|x64
		{A0382D05-B94C-36BB-8D5A-16BEB4821716}.MinSizeRel|x64.ActiveCfg = MinSizeRel|x64
		{A0382D05-B94C-36BB-8D5A-16BEB4821716}.RelWithDebInfo|x64.ActiveCfg = RelWithDebInfo|x64
		{0E3C4AD9-A8E7-3517-A42A-835F4112ED5B}.Debug|x64.ActiveCfg = Debug|x64
		{0E3C4AD9-A8E7-3517-A42A-835F4112ED5B}.Debug|x64.Build.0 = Debug|x64
		{0E3C4AD9-A8E7-3517-A42A-835F4112ED5B}.Release|x64.ActiveCfg = Release|x64
		{0E3C4AD9-A8E7-3517-A42A-835F4112ED5B}.Release|x64.Build.0 = Release|x64
		{0E3C4AD9-A8E7-3517-A42A-835F4112ED5B}.MinSizeRel|x64.ActiveCfg = MinSizeRel|x64
		{0E3C4AD9-A8E7-3517-A42A-835F4112ED5B}.MinSizeRel|x64.Build.0 = MinSizeRel|x64
		{0E3C4AD9-A8E7-3517-A42A-835F4112ED5B}.RelWithDebInfo|x64.ActiveCfg = RelWithDebInfo|x64
		{0E3C4AD9-A8E7-3517-A42A-835F4112ED5B}.RelWithDebInfo|x64.Build.0 = RelWithDebInfo|x64
		{80931BB5-1738-3277-8C12-822A631A22B3}.Debug|x64.ActiveCfg = Debug|x64
		{80931BB5-1738-3277-8C12-822A631A22B3}.Debug|x64.Build.0 = Debug|x64
		{80931BB5-1738-3277-8C12-822A631A22B3}.Release|x64.ActiveCfg = Release|x64
		{80931BB5-1738-3277-8C12-822A631A22B3}.Release|x64.Build.0 = Release|x64
		{80931BB5-1738-3277-8C12-822A631A22B3}.MinSizeRel|x64.ActiveCfg = MinSizeRel|x64
		{80931BB5-1738-3277-8C12-822A631A22B3}.MinSizeRel|x64.Build.0 = MinSizeRel|x64
		{80931BB5-1738-3277-8C12-822A631A22B3}.RelWithDebInfo|x64.ActiveCfg = RelWithDebInfo|x64
		{80931BB5-1738-3277-8C12-822A631A22B3}.RelWithDebInfo|x64.Build.0 = RelWithDebInfo|x64
		{967AE8E0-0E3E-35FA-BA98-26BCCACC264D}.Debug|x64.ActiveCfg = Debug|x64
		{967AE8E0-0E3E-35FA-BA98-26BCCACC264D}.Debug|x64.Build.0 = Debug|x64
		{967AE8E0-0E3E-35FA-BA98-26BCCACC264D}.Release|x64.ActiveCfg = Release|x64
		{967AE8E0-0E3E-35FA-BA98-26BCCACC264D}.Release|x64.Build.0 = Release|x64
		{967AE8E0-0E3E-35FA-BA98-26BCCACC264D}.MinSizeRel|x64.ActiveCfg = MinSizeRel|x64
		{967AE8E0-0E3E-35FA-BA98-26BCCACC264D}.MinSizeRel|x64.Build.0 = MinSizeRel|x64
		{967AE8E0-0E3E-35FA-BA98-26BCCACC264D}.RelWithDebInfo|x64.ActiveCfg = RelWithDebInfo|x64
		{967AE8E0-0E3E-35FA-BA98-26BCCACC264D}.RelWithDebInfo|x64.Build.0 = RelWithDebInfo|x64
		{A3C7AB3B-EF13-3DE3-96F3-4CA30F76751A}.Debug|x64.ActiveCfg = Debug|x64
		{A3C7AB3B-EF13-3DE3-96F3-4CA30F76751A}.Debug|x64.Build.0 = Debug|x64
		{A3C7AB3B-EF13-3DE3-96F3-4CA30F76751A}.Release|x64.ActiveCfg = Release|x64
		{A3C7AB3B-EF13-3DE3-96F3-4CA30F76751A}.Release|x64.Build.0 = Release|x64
		{A3C7AB3B-EF13-3DE3-96F3-4CA30F76751A}.MinSizeRel|x64.ActiveCfg = MinSizeRel|x64
		{A3C7AB3B-EF13-3DE3-96F3-4CA30F76751A}.MinSizeRel|x64.Build.0 = MinSizeRel|x64
		{A3C7AB3B-EF13-3DE3-96F3-4CA30F76751A}.RelWithDebInfo|x64.ActiveCfg = RelWithDebInfo|x64
		{A3C7AB3B-EF13-3DE3-96F3-4CA30F76751A}.RelWithDebInfo|x64.Build.0 = RelWithDebInfo|x64
		{8919B5EF-F06E-3170-88D8-014F8244F981}.Debug|x64.ActiveCfg = Debug|x64
		{8919B5EF-F06E-3170-88D8-014F8244F981}.Debug|x64.Build.0 = Debug|x64
		{8919B5EF-F06E-3170-88D8-014F8244F981}.Release|x64.ActiveCfg = Release|x64
		{8919B5EF-F06E-3170-88D8-014F8244F981}.Release|x64.Build.0 = Release|x64
		{8919B5EF-F06E-3170-88D8-014F8244F981}.MinSizeRel|x64.ActiveCfg = MinSizeRel|x64
		{8919B5EF-F06E-3170-88D8-014F8244F981}.MinSizeRel|x64.Build.0 = MinSizeRel|x64
		{8919B5EF-F06E-3170-88D8-014F8244F981}.RelWithDebInfo|x64.ActiveCfg = RelWithDebInfo|x64
		{8919B5EF-F06E-3170-88D8-014F8244F981}.RelWithDebInfo|x64.Build.0 = RelWithDebInfo|x64
		{47D17090-F6C1-36BA-8F7B-EBC214DEEEEC}.Debug|x64.ActiveCfg = Debug|x64
		{47D17090-F6C1-36BA-8F7B-EBC214DEEEEC}.Debug|x64.Build.0 = Debug|x64
		{47D17090-F6C1-36BA-8F7B-EBC214DEEEEC}.Release|x64.ActiveCfg = Release|x64
		{47D17090-F6C1-36BA-8F7B-EBC214DEEEEC}.Release|x64.Build.0 = Release|x64
		{47D17090-F6C1-36BA-8F7B-EBC214DEEEEC}.MinSizeRel|x64.ActiveCfg = MinSizeRel|x64
		{47D17090-F6C1-36BA-8F7B-EBC214DEEEEC}.MinSizeRel|x64.Build.0 = MinSizeRel|x64
		{47D17090-F6C1-36BA-8F7B-EBC214DEEEEC}.RelWithDebInfo|x64.ActiveCfg = RelWithDebInfo|x64
		{47D17090-F6C1-36BA-8F7B-EBC214DEEEEC}.RelWithDebInfo|x64.Build.0 = RelWithDebInfo|x64
		{3308E1AF-655E-37B6-8882-1902A08817F7}.Debug|x64.ActiveCfg = Debug|x64
		{3308E1AF-655E-37B6-8882-1902A08817F7}.Debug|x64.Build.0 = Debug|x64
		{3308E1AF-655E-37B6-8882-1902A08817F7}.Release|x64.ActiveCfg = Release|x64
		{3308E1AF-655E-37B6-8882-1902A08817F7}.Release|x64.Build.0 = Release|x64
		{3308E1AF-655E-37B6-8882-1902A08817F7}.MinSizeRel|x64.ActiveCfg = MinSizeRel|x64
		{3308E1AF-655E-37B6-8882-1902A08817F7}.MinSizeRel|x64.Build.0 = MinSizeRel|x64
		{3308E1AF-655E-37B6-8882-1902A08817F7}.RelWithDebInfo|x64.ActiveCfg = RelWithDebInfo|x64
		{3308E1AF-655E-37B6-8882-1902A08817F7}.RelWithDebInfo|x64.Build.0 = RelWithDebInfo|x64
		{9A479A1D-A1C8-3AC5-BCD8-481640D30EF0}.Debug|x64.ActiveCfg = Debug|x64
		{9A479A1D-A1C8-3AC5-BCD8-481640D30EF0}.Debug|x64.Build.0 = Debug|x64
		{9A479A1D-A1C8-3AC5-BCD8-481640D30EF0}.Release|x64.ActiveCfg = Release|x64
		{9A479A1D-A1C8-3AC5-BCD8-481640D30EF0}.Release|x64.Build.0 = Release|x64
		{9A479A1D-A1C8-3AC5-BCD8-481640D30EF0}.MinSizeRel|x64.ActiveCfg = MinSizeRel|x64
		{9A479A1D-A1C8-3AC5-BCD8-481640D30EF0}.MinSizeRel|x64.Build.0 = MinSizeRel|x64
		{9A479A1D-A1C8-3AC5-BCD8-481640D30EF0}.RelWithDebInfo|x64.ActiveCfg = RelWithDebInfo|x64
		{9A479A1D-A1C8-3AC5-BCD8-481640D30EF0}.RelWithDebInfo|x64.Build.0 = RelWithDebInfo|x64
		{DDBC14E3-E63B-39BF-B754-5A432391A0B6}.Debug|x64.ActiveCfg = Debug|x64
		{DDBC14E3-E63B-39BF-B754-5A432391A0B6}.Debug|x64.Build.0 = Debug|x64
		{DDBC14E3-E63B-39BF-B754-5A432391A0B6}.Release|x64.ActiveCfg = Release|x64
		{DDBC14E3-E63B-39BF-B754-5A432391A0B6}.Release|x64.Build.0 = Release|x64
		{DDBC14E3-E63B-39BF-B754-5A432391A0B6}.MinSizeRel|x64.ActiveCfg = MinSizeRel|x64
		{DDBC14E3-E63B-39BF-B754-5A432391A0B6}.MinSizeRel|x64.Build.0 = MinSizeRel|x64
		{DDBC14E3-E63B-39BF-B754-5A432391A0B6}.RelWithDebInfo|x64.ActiveCfg = RelWithDebInfo|x64
		{DDBC14E3-E63B-39BF-B754-5A432391A0B6}.RelWithDebInfo|x64.Build.0 = RelWithDebInfo|x64
		{6288E38C-3935-3C97-B245-B9830741AE66}.Debug|x64.ActiveCfg = Debug|x64
		{6288E38C-3935-3C97-B245-B9830741AE66}.Debug|x64.Build.0 = Debug|x64
		{6288E38C-3935-3C97-B245-B9830741AE66}.Release|x64.ActiveCfg = Release|x64
		{6288E38C-3935-3C97-B245-B9830741AE66}.Release|x64.Build.0 = Release|x64
		{6288E38C-3935-3C97-B245-B9830741AE66}.MinSizeRel|x64.ActiveCfg = MinSizeRel|x64
		{6288E38C-3935-3C97-B245-B9830741AE66}.MinSizeRel|x64.Build.0 = MinSizeRel|x64
		{6288E38C-3935-3C97-B245-B9830741AE66}.RelWithDebInfo|x64.ActiveCfg = RelWithDebInfo|x64
		{6288E38C-3935-3C97-B245-B9830741AE66}.RelWithDebInfo|x64.Build.0 = RelWithDebInfo|x64
	EndGlobalSection
	GlobalSection(NestedProjects) = preSolution
		{4B0BFCD2-670E-3383-8910-43F3E3985A3F} = {92A87DB8-2516-3116-9970-A58F5A2A43E4}
		{A0382D05-B94C-36BB-8D5A-16BEB4821716} = {92A87DB8-2516-3116-9970-A58F5A2A43E4}
		{967AE8E0-0E3E-35FA-BA98-26BCCACC264D} = {92A87DB8-2516-3116-9970-A58F5A2A43E4}
	EndGlobalSection
	GlobalSection(ExtensibilityGlobals) = postSolution
		SolutionGuid = {DA34692C-B932-30BF-893E-E18E07C6F797}
	EndGlobalSection
	GlobalSection(ExtensibilityAddIns) = postSolution
	EndGlobalSection
EndGlobal
