
Microsoft Visual Studio Solution File, Format Version 12.00
# Visual Studio Version 17
Project("{2150E333-8FDC-42A3-9474-1A3956D46DE8}") = "CMakePredefinedTargets", "CMakePredefinedTargets", "{92A87DB8-2516-3116-9970-A58F5A2A43E4}"
EndProject
Project("{8BC9CEB8-8B4A-11D0-8D11-00A0C91BC942}") = "ALL_BUILD", "ALL_BUILD.vcxproj", "{4B0BFCD2-670E-3383-8910-43F3E3985A3F}"
	ProjectSection(ProjectDependencies) = postProject
		{0E3C4AD9-A8E7-3517-A42A-835F4112ED5B} = {0E3C4AD9-A8E7-3517-A42A-835F4112ED5B}
		{0F2A2002-4464-3431-9407-EF81ADA1424A} = {0F2A2002-4464-3431-9407-EF81ADA1424A}
		{80931BB5-1738-3277-8C12-822A631A22B3} = {80931BB5-1738-3277-8C12-822A631A22B3}
		{967AE8E0-0E3E-35FA-BA98-26BCCACC264D} = {967AE8E0-0E3E-35FA-BA98-26BCCACC264D}
	EndProjectSection
EndProject
Project("{8BC9CEB8-8B4A-11D0-8D11-00A0C91BC942}") = "INSTALL", "INSTALL.vcxproj", "{A0382D05-B94C-36BB-8D5A-16BEB4821716}"
	ProjectSection(ProjectDependencies) = postProject
		{4B0BFCD2-670E-3383-8910-43F3E3985A3F} = {4B0BFCD2-670E-3383-8910-43F3E3985A3F}
		{967AE8E0-0E3E-35FA-BA98-26BCCACC264D} = {967AE8E0-0E3E-35FA-BA98-26BCCACC264D}
	EndProjectSection
EndProject
Project("{8BC9CEB8-8B4A-11D0-8D11-00A0C91BC942}") = "SDL3-shared", "SDL3-shared.vcxproj", "{0E3C4AD9-A8E7-3517-A42A-835F4112ED5B}"
	ProjectSection(ProjectDependencies) = postProject
		{80931BB5-1738-3277-8C12-822A631A22B3} = {80931BB5-1738-3277-8C12-822A631A22B3}
		{967AE8E0-0E3E-35FA-BA98-26BCCACC264D} = {967AE8E0-0E3E-35FA-BA98-26BCCACC264D}
	EndProjectSection
EndProject
Project("{8BC9CEB8-8B4A-11D0-8D11-00A0C91BC942}") = "SDL3_test", "SDL3_test.vcxproj", "{0F2A2002-4464-3431-9407-EF81ADA1424A}"
	ProjectSection(ProjectDependencies) = postProject
		{967AE8E0-0E3E-35FA-BA98-26BCCACC264D} = {967AE8E0-0E3E-35FA-BA98-26BCCACC264D}
	EndProjectSection
EndProject
Project("{8BC9CEB8-8B4A-11D0-8D11-00A0C91BC942}") = "SDL_uclibc", "SDL_uclibc.vcxproj", "{80931BB5-1738-3277-8C12-822A631A22B3}"
	ProjectSection(ProjectDependencies) = postProject
		{967AE8E0-0E3E-35FA-BA98-26BCCACC264D} = {967AE8E0-0E3E-35FA-BA98-26BCCACC264D}
	EndProjectSection
EndProject
Project("{8BC9CEB8-8B4A-11D0-8D11-00A0C91BC942}") = "ZERO_CHECK", "..\..\ZERO_CHECK.vcxproj", "{967AE8E0-0E3E-35FA-BA98-26BCCACC264D}"
	ProjectSection(ProjectDependencies) = postProject
	EndProjectSection
EndProject
Global
	GlobalSection(SolutionConfigurationPlatforms) = preSolution
		Debug|x64 = Debug|x64
		Release|x64 = Release|x64
		MinSizeRel|x64 = MinSizeRel|x64
		RelWithDebInfo|x64 = RelWithDebInfo|x64
	EndGlobalSection
	GlobalSection(ProjectConfigurationPlatforms) = postSolution
		{4B0BFCD2-670E-3383-8910-43F3E3985A3F}.Debug|x64.ActiveCfg = Debug|x64
		{4B0BFCD2-670E-3383-8910-43F3E3985A3F}.Debug|x64.Build.0 = Debug|x64
		{4B0BFCD2-670E-3383-8910-43F3E3985A3F}.Release|x64.ActiveCfg = Release|x64
		{4B0BFCD2-670E-3383-8910-43F3E3985A3F}.Release|x64.Build.0 = Release|x64
		{4B0BFCD2-670E-3383-8910-43F3E3985A3F}.MinSizeRel|x64.ActiveCfg = MinSizeRel|x64
		{4B0BFCD2-670E-3383-8910-43F3E3985A3F}.MinSizeRel|x64.Build.0 = MinSizeRel|x64
		{4B0BFCD2-670E-3383-8910-43F3E3985A3F}.RelWithDebInfo|x64.ActiveCfg = RelWithDebInfo|x64
		{4B0BFCD2-670E-3383-8910-43F3E3985A3F}.RelWithDebInfo|x64.Build.0 = RelWithDebInfo|x64
		{A0382D05-B94C-36BB-8D5A-16BEB4821716}.Debug|x64.ActiveCfg = Debug|x64
		{A0382D05-B94C-36BB-8D5A-16BEB4821716}.Release|x64.ActiveCfg = Release|x64
		{A0382D05-B94C-36BB-8D5A-16BEB4821716}.MinSizeRel|x64.ActiveCfg = MinSizeRel|x64
		{A0382D05-B94C-36BB-8D5A-16BEB4821716}.RelWithDebInfo|x64.ActiveCfg = RelWithDebInfo|x64
		{0E3C4AD9-A8E7-3517-A42A-835F4112ED5B}.Debug|x64.ActiveCfg = Debug|x64
		{0E3C4AD9-A8E7-3517-A42A-835F4112ED5B}.Debug|x64.Build.0 = Debug|x64
		{0E3C4AD9-A8E7-3517-A42A-835F4112ED5B}.Release|x64.ActiveCfg = Release|x64
		{0E3C4AD9-A8E7-3517-A42A-835F4112ED5B}.Release|x64.Build.0 = Release|x64
		{0E3C4AD9-A8E7-3517-A42A-835F4112ED5B}.MinSizeRel|x64.ActiveCfg = MinSizeRel|x64
		{0E3C4AD9-A8E7-3517-A42A-835F4112ED5B}.MinSizeRel|x64.Build.0 = MinSizeRel|x64
		{0E3C4AD9-A8E7-3517-A42A-835F4112ED5B}.RelWithDebInfo|x64.ActiveCfg = RelWithDebInfo|x64
		{0E3C4AD9-A8E7-3517-A42A-835F4112ED5B}.RelWithDebInfo|x64.Build.0 = RelWithDebInfo|x64
		{0F2A2002-4464-3431-9407-EF81ADA1424A}.Debug|x64.ActiveCfg = Debug|x64
		{0F2A2002-4464-3431-9407-EF81ADA1424A}.Debug|x64.Build.0 = Debug|x64
		{0F2A2002-4464-3431-9407-EF81ADA1424A}.Release|x64.ActiveCfg = Release|x64
		{0F2A2002-4464-3431-9407-EF81ADA1424A}.Release|x64.Build.0 = Release|x64
		{0F2A2002-4464-3431-9407-EF81ADA1424A}.MinSizeRel|x64.ActiveCfg = MinSizeRel|x64
		{0F2A2002-4464-3431-9407-EF81ADA1424A}.MinSizeRel|x64.Build.0 = MinSizeRel|x64
		{0F2A2002-4464-3431-9407-EF81ADA1424A}.RelWithDebInfo|x64.ActiveCfg = RelWithDebInfo|x64
		{0F2A2002-4464-3431-9407-EF81ADA1424A}.RelWithDebInfo|x64.Build.0 = RelWithDebInfo|x64
		{80931BB5-1738-3277-8C12-822A631A22B3}.Debug|x64.ActiveCfg = Debug|x64
		{80931BB5-1738-3277-8C12-822A631A22B3}.Debug|x64.Build.0 = Debug|x64
		{80931BB5-1738-3277-8C12-822A631A22B3}.Release|x64.ActiveCfg = Release|x64
		{80931BB5-1738-3277-8C12-822A631A22B3}.Release|x64.Build.0 = Release|x64
		{80931BB5-1738-3277-8C12-822A631A22B3}.MinSizeRel|x64.ActiveCfg = MinSizeRel|x64
		{80931BB5-1738-3277-8C12-822A631A22B3}.MinSizeRel|x64.Build.0 = MinSizeRel|x64
		{80931BB5-1738-3277-8C12-822A631A22B3}.RelWithDebInfo|x64.ActiveCfg = RelWithDebInfo|x64
		{80931BB5-1738-3277-8C12-822A631A22B3}.RelWithDebInfo|x64.Build.0 = RelWithDebInfo|x64
		{967AE8E0-0E3E-35FA-BA98-26BCCACC264D}.Debug|x64.ActiveCfg = Debug|x64
		{967AE8E0-0E3E-35FA-BA98-26BCCACC264D}.Debug|x64.Build.0 = Debug|x64
		{967AE8E0-0E3E-35FA-BA98-26BCCACC264D}.Release|x64.ActiveCfg = Release|x64
		{967AE8E0-0E3E-35FA-BA98-26BCCACC264D}.Release|x64.Build.0 = Release|x64
		{967AE8E0-0E3E-35FA-BA98-26BCCACC264D}.MinSizeRel|x64.ActiveCfg = MinSizeRel|x64
		{967AE8E0-0E3E-35FA-BA98-26BCCACC264D}.MinSizeRel|x64.Build.0 = MinSizeRel|x64
		{967AE8E0-0E3E-35FA-BA98-26BCCACC264D}.RelWithDebInfo|x64.ActiveCfg = RelWithDebInfo|x64
		{967AE8E0-0E3E-35FA-BA98-26BCCACC264D}.RelWithDebInfo|x64.Build.0 = RelWithDebInfo|x64
	EndGlobalSection
	GlobalSection(NestedProjects) = preSolution
		{4B0BFCD2-670E-3383-8910-43F3E3985A3F} = {92A87DB8-2516-3116-9970-A58F5A2A43E4}
		{A0382D05-B94C-36BB-8D5A-16BEB4821716} = {92A87DB8-2516-3116-9970-A58F5A2A43E4}
		{967AE8E0-0E3E-35FA-BA98-26BCCACC264D} = {92A87DB8-2516-3116-9970-A58F5A2A43E4}
	EndGlobalSection
	GlobalSection(ExtensibilityGlobals) = postSolution
		SolutionGuid = {F0AD4B8A-5786-3CC0-9B11-5D006AD4D04D}
	EndGlobalSection
	GlobalSection(ExtensibilityAddIns) = postSolution
	EndGlobalSection
EndGlobal
