
Microsoft Visual Studio Solution File, Format Version 12.00
# Visual Studio Version 17
Project("{2150E333-8FDC-42A3-9474-1A3956D46DE8}") = "CMakePredefinedTargets", "CMakePredefinedTargets", "{92A87DB8-2516-3116-9970-A58F5A2A43E4}"
EndProject
Project("{8BC9CEB8-8B4A-11D0-8D11-00A0C91BC942}") = "ALL_BUILD", "ALL_BUILD.vcxproj", "{4B0BFCD2-670E-3383-8910-43F3E3985A3F}"
	ProjectSection(ProjectDependencies) = postProject
		{967AE8E0-0E3E-35FA-BA98-26BCCACC264D} = {967AE8E0-0E3E-35FA-BA98-26BCCACC264D}
		{A3C7AB3B-EF13-3DE3-96F3-4CA30F76751A} = {A3C7AB3B-EF13-3DE3-96F3-4CA30F76751A}
		{435BA7B7-B2F4-310A-99F9-8FCCD01406AC} = {435BA7B7-B2F4-310A-99F9-8FCCD01406AC}
		{7320CBDE-FC5E-3824-8F1A-62F4C27380D7} = {7320CBDE-FC5E-3824-8F1A-62F4C27380D7}
	EndProjectSection
EndProject
Project("{8BC9CEB8-8B4A-11D0-8D11-00A0C91BC942}") = "INSTALL", "INSTALL.vcxproj", "{A0382D05-B94C-36BB-8D5A-16BEB4821716}"
	ProjectSection(ProjectDependencies) = postProject
		{4B0BFCD2-670E-3383-8910-43F3E3985A3F} = {4B0BFCD2-670E-3383-8910-43F3E3985A3F}
		{967AE8E0-0E3E-35FA-BA98-26BCCACC264D} = {967AE8E0-0E3E-35FA-BA98-26BCCACC264D}
	EndProjectSection
EndProject
Project("{8BC9CEB8-8B4A-11D0-8D11-00A0C91BC942}") = "ZERO_CHECK", "..\..\ZERO_CHECK.vcxproj", "{967AE8E0-0E3E-35FA-BA98-26BCCACC264D}"
	ProjectSection(ProjectDependencies) = postProject
	EndProjectSection
EndProject
Project("{8BC9CEB8-8B4A-11D0-8D11-00A0C91BC942}") = "physfs", "physfs.vcxproj", "{A3C7AB3B-EF13-3DE3-96F3-4CA30F76751A}"
	ProjectSection(ProjectDependencies) = postProject
		{967AE8E0-0E3E-35FA-BA98-26BCCACC264D} = {967AE8E0-0E3E-35FA-BA98-26BCCACC264D}
	EndProjectSection
EndProject
Project("{8BC9CEB8-8B4A-11D0-8D11-00A0C91BC942}") = "physfs-static", "physfs-static.vcxproj", "{435BA7B7-B2F4-310A-99F9-8FCCD01406AC}"
	ProjectSection(ProjectDependencies) = postProject
		{967AE8E0-0E3E-35FA-BA98-26BCCACC264D} = {967AE8E0-0E3E-35FA-BA98-26BCCACC264D}
	EndProjectSection
EndProject
Project("{8BC9CEB8-8B4A-11D0-8D11-00A0C91BC942}") = "test_physfs", "test_physfs.vcxproj", "{7320CBDE-FC5E-3824-8F1A-62F4C27380D7}"
	ProjectSection(ProjectDependencies) = postProject
		{967AE8E0-0E3E-35FA-BA98-26BCCACC264D} = {967AE8E0-0E3E-35FA-BA98-26BCCACC264D}
		{A3C7AB3B-EF13-3DE3-96F3-4CA30F76751A} = {A3C7AB3B-EF13-3DE3-96F3-4CA30F76751A}
	EndProjectSection
EndProject
Global
	GlobalSection(SolutionConfigurationPlatforms) = preSolution
		Debug|x64 = Debug|x64
		Release|x64 = Release|x64
		MinSizeRel|x64 = MinSizeRel|x64
		RelWithDebInfo|x64 = RelWithDebInfo|x64
	EndGlobalSection
	GlobalSection(ProjectConfigurationPlatforms) = postSolution
		{4B0BFCD2-670E-3383-8910-43F3E3985A3F}.Debug|x64.ActiveCfg = Debug|x64
		{4B0BFCD2-670E-3383-8910-43F3E3985A3F}.Debug|x64.Build.0 = Debug|x64
		{4B0BFCD2-670E-3383-8910-43F3E3985A3F}.Release|x64.ActiveCfg = Release|x64
		{4B0BFCD2-670E-3383-8910-43F3E3985A3F}.Release|x64.Build.0 = Release|x64
		{4B0BFCD2-670E-3383-8910-43F3E3985A3F}.MinSizeRel|x64.ActiveCfg = MinSizeRel|x64
		{4B0BFCD2-670E-3383-8910-43F3E3985A3F}.MinSizeRel|x64.Build.0 = MinSizeRel|x64
		{4B0BFCD2-670E-3383-8910-43F3E3985A3F}.RelWithDebInfo|x64.ActiveCfg = RelWithDebInfo|x64
		{4B0BFCD2-670E-3383-8910-43F3E3985A3F}.RelWithDebInfo|x64.Build.0 = RelWithDebInfo|x64
		{A0382D05-B94C-36BB-8D5A-16BEB4821716}.Debug|x64.ActiveCfg = Debug|x64
		{A0382D05-B94C-36BB-8D5A-16BEB4821716}.Release|x64.ActiveCfg = Release|x64
		{A0382D05-B94C-36BB-8D5A-16BEB4821716}.MinSizeRel|x64.ActiveCfg = MinSizeRel|x64
		{A0382D05-B94C-36BB-8D5A-16BEB4821716}.RelWithDebInfo|x64.ActiveCfg = RelWithDebInfo|x64
		{967AE8E0-0E3E-35FA-BA98-26BCCACC264D}.Debug|x64.ActiveCfg = Debug|x64
		{967AE8E0-0E3E-35FA-BA98-26BCCACC264D}.Debug|x64.Build.0 = Debug|x64
		{967AE8E0-0E3E-35FA-BA98-26BCCACC264D}.Release|x64.ActiveCfg = Release|x64
		{967AE8E0-0E3E-35FA-BA98-26BCCACC264D}.Release|x64.Build.0 = Release|x64
		{967AE8E0-0E3E-35FA-BA98-26BCCACC264D}.MinSizeRel|x64.ActiveCfg = MinSizeRel|x64
		{967AE8E0-0E3E-35FA-BA98-26BCCACC264D}.MinSizeRel|x64.Build.0 = MinSizeRel|x64
		{967AE8E0-0E3E-35FA-BA98-26BCCACC264D}.RelWithDebInfo|x64.ActiveCfg = RelWithDebInfo|x64
		{967AE8E0-0E3E-35FA-BA98-26BCCACC264D}.RelWithDebInfo|x64.Build.0 = RelWithDebInfo|x64
		{A3C7AB3B-EF13-3DE3-96F3-4CA30F76751A}.Debug|x64.ActiveCfg = Debug|x64
		{A3C7AB3B-EF13-3DE3-96F3-4CA30F76751A}.Debug|x64.Build.0 = Debug|x64
		{A3C7AB3B-EF13-3DE3-96F3-4CA30F76751A}.Release|x64.ActiveCfg = Release|x64
		{A3C7AB3B-EF13-3DE3-96F3-4CA30F76751A}.Release|x64.Build.0 = Release|x64
		{A3C7AB3B-EF13-3DE3-96F3-4CA30F76751A}.MinSizeRel|x64.ActiveCfg = MinSizeRel|x64
		{A3C7AB3B-EF13-3DE3-96F3-4CA30F76751A}.MinSizeRel|x64.Build.0 = MinSizeRel|x64
		{A3C7AB3B-EF13-3DE3-96F3-4CA30F76751A}.RelWithDebInfo|x64.ActiveCfg = RelWithDebInfo|x64
		{A3C7AB3B-EF13-3DE3-96F3-4CA30F76751A}.RelWithDebInfo|x64.Build.0 = RelWithDebInfo|x64
		{435BA7B7-B2F4-310A-99F9-8FCCD01406AC}.Debug|x64.ActiveCfg = Debug|x64
		{435BA7B7-B2F4-310A-99F9-8FCCD01406AC}.Debug|x64.Build.0 = Debug|x64
		{435BA7B7-B2F4-310A-99F9-8FCCD01406AC}.Release|x64.ActiveCfg = Release|x64
		{435BA7B7-B2F4-310A-99F9-8FCCD01406AC}.Release|x64.Build.0 = Release|x64
		{435BA7B7-B2F4-310A-99F9-8FCCD01406AC}.MinSizeRel|x64.ActiveCfg = MinSizeRel|x64
		{435BA7B7-B2F4-310A-99F9-8FCCD01406AC}.MinSizeRel|x64.Build.0 = MinSizeRel|x64
		{435BA7B7-B2F4-310A-99F9-8FCCD01406AC}.RelWithDebInfo|x64.ActiveCfg = RelWithDebInfo|x64
		{435BA7B7-B2F4-310A-99F9-8FCCD01406AC}.RelWithDebInfo|x64.Build.0 = RelWithDebInfo|x64
		{7320CBDE-FC5E-3824-8F1A-62F4C27380D7}.Debug|x64.ActiveCfg = Debug|x64
		{7320CBDE-FC5E-3824-8F1A-62F4C27380D7}.Debug|x64.Build.0 = Debug|x64
		{7320CBDE-FC5E-3824-8F1A-62F4C27380D7}.Release|x64.ActiveCfg = Release|x64
		{7320CBDE-FC5E-3824-8F1A-62F4C27380D7}.Release|x64.Build.0 = Release|x64
		{7320CBDE-FC5E-3824-8F1A-62F4C27380D7}.MinSizeRel|x64.ActiveCfg = MinSizeRel|x64
		{7320CBDE-FC5E-3824-8F1A-62F4C27380D7}.MinSizeRel|x64.Build.0 = MinSizeRel|x64
		{7320CBDE-FC5E-3824-8F1A-62F4C27380D7}.RelWithDebInfo|x64.ActiveCfg = RelWithDebInfo|x64
		{7320CBDE-FC5E-3824-8F1A-62F4C27380D7}.RelWithDebInfo|x64.Build.0 = RelWithDebInfo|x64
	EndGlobalSection
	GlobalSection(NestedProjects) = preSolution
		{4B0BFCD2-670E-3383-8910-43F3E3985A3F} = {92A87DB8-2516-3116-9970-A58F5A2A43E4}
		{A0382D05-B94C-36BB-8D5A-16BEB4821716} = {92A87DB8-2516-3116-9970-A58F5A2A43E4}
		{967AE8E0-0E3E-35FA-BA98-26BCCACC264D} = {92A87DB8-2516-3116-9970-A58F5A2A43E4}
	EndGlobalSection
	GlobalSection(ExtensibilityGlobals) = postSolution
		SolutionGuid = {2D4D5D17-522C-33F6-8E5D-AF4324533C4E}
	EndGlobalSection
	GlobalSection(ExtensibilityAddIns) = postSolution
	EndGlobalSection
EndGlobal
