<?xml version="1.0" encoding="utf-8"?>
<Project ToolsVersion="17.0" xmlns="http://schemas.microsoft.com/developer/msbuild/2003">
  <ItemGroup>
    <ClCompile Include="C:\Users\Nutzer\master\RamenGL\dependencies\physfs\test\test_physfs.c">
      <Filter>Source Files</Filter>
    </ClCompile>
  </ItemGroup>
  <ItemGroup>
    <CustomBuild Include="C:\Users\Nutzer\master\RamenGL\dependencies\physfs\CMakeLists.txt" />
  </ItemGroup>
  <ItemGroup>
    <Filter Include="Source Files">
      <UniqueIdentifier>{6D3312E8-9382-354D-8DB3-E160D4A4F30F}</UniqueIdentifier>
    </Filter>
  </ItemGroup>
</Project>
